// !$*UTF8*$!
{
	archiveVersion = 1;
	classes = {
	};
	objectVersion = 46;
	objects = {

/* Begin PBXBuildFile section */
		2E0D43B91DB91E690042E9A8 /* AppDelegate.swift in Sources */ = {isa = PBXBuildFile; fileRef = 2E0D43B81DB91E690042E9A8 /* AppDelegate.swift */; };
		2E0D43BB1DB91E690042E9A8 /* ViewController.swift in Sources */ = {isa = PBXBuildFile; fileRef = 2E0D43BA1DB91E690042E9A8 /* ViewController.swift */; };
		2E0D43BE1DB91E690042E9A8 /* Main.storyboard in Resources */ = {isa = PBXBuildFile; fileRef = 2E0D43BC1DB91E690042E9A8 /* Main.storyboard */; };
		2E0D43C01DB91E690042E9A8 /* Assets.xcassets in Resources */ = {isa = PBXBuildFile; fileRef = 2E0D43BF1DB91E690042E9A8 /* Assets.xcassets */; };
		2E0D43C31DB91E690042E9A8 /* LaunchScreen.storyboard in Resources */ = {isa = PBXBuildFile; fileRef = 2E0D43C11DB91E690042E9A8 /* LaunchScreen.storyboard */; };
		2E0D43CE1DB91E690042E9A8 /* AnimenuUITests.swift in Sources */ = {isa = PBXBuildFile; fileRef = 2E0D43CD1DB91E690042E9A8 /* AnimenuUITests.swift */; };
/* End PBXBuildFile section */

/* Begin PBXContainerItemProxy section */
		2E0D43CA1DB91E690042E9A8 /* PBXContainerItemProxy */ = {
			isa = PBXContainerItemProxy;
			containerPortal = 2E0D43AD1DB91E690042E9A8 /* Project object */;
			proxyType = 1;
			remoteGlobalIDString = 2E0D43B41DB91E690042E9A8;
			remoteInfo = Animenu;
		};
/* End PBXContainerItemProxy section */

/* Begin PBXFileReference section */
		2E0D43B51DB91E690042E9A8 /* Animenu.app */ = {isa = PBXFileReference; explicitFileType = wrapper.application; includeInIndex = 0; path = Animenu.app; sourceTree = BUILT_PRODUCTS_DIR; };
		2E0D43B81DB91E690042E9A8 /* AppDelegate.swift */ = {isa = PBXFileReference; lastKnownFileType = sourcecode.swift; path = AppDelegate.swift; sourceTree = "<group>"; };
		2E0D43BA1DB91E690042E9A8 /* ViewController.swift */ = {isa = PBXFileReference; lastKnownFileType = sourcecode.swift; path = ViewController.swift; sourceTree = "<group>"; };
		2E0D43BD1DB91E690042E9A8 /* Base */ = {isa = PBXFileReference; lastKnownFileType = file.storyboard; name = Base; path = Base.lproj/Main.storyboard; sourceTree = "<group>"; };
		2E0D43BF1DB91E690042E9A8 /* Assets.xcassets */ = {isa = PBXFileReference; lastKnownFileType = folder.assetcatalog; path = Assets.xcassets; sourceTree = "<group>"; };
		2E0D43C21DB91E690042E9A8 /* Base */ = {isa = PBXFileReference; lastKnownFileType = file.storyboard; name = Base; path = Base.lproj/LaunchScreen.storyboard; sourceTree = "<group>"; };
		2E0D43C41DB91E690042E9A8 /* Info.plist */ = {isa = PBXFileReference; lastKnownFileType = text.plist.xml; path = Info.plist; sourceTree = "<group>"; };
		2E0D43C91DB91E690042E9A8 /* AnimenuUITests.xctest */ = {isa = PBXFileReference; explicitFileType = wrapper.cfbundle; includeInIndex = 0; path = AnimenuUITests.xctest; sourceTree = BUILT_PRODUCTS_DIR; };
		2E0D43CD1DB91E690042E9A8 /* AnimenuUITests.swift */ = {isa = PBXFileReference; lastKnownFileType = sourcecode.swift; path = AnimenuUITests.swift; sourceTree = "<group>"; };
		2E0D43CF1DB91E690042E9A8 /* Info.plist */ = {isa = PBXFileReference; lastKnownFileType = text.plist.xml; path = Info.plist; sourceTree = "<group>"; };
/* End PBXFileReference section */

/* Begin PBXFrameworksBuildPhase section */
		2E0D43B21DB91E690042E9A8 /* Frameworks */ = {
			isa = PBXFrameworksBuildPhase;
			buildActionMask = 2147483647;
			files = (
			);
			runOnlyForDeploymentPostprocessing = 0;
		};
		2E0D43C61DB91E690042E9A8 /* Frameworks */ = {
			isa = PBXFrameworksBuildPhase;
			buildActionMask = 2147483647;
			files = (
			);
			runOnlyForDeploymentPostprocessing = 0;
		};
/* End PBXFrameworksBuildPhase section */

/* Begin PBXGroup section */
		2E0D43AC1DB91E690042E9A8 = {
			isa = PBXGroup;
			children = (
				2E0D43B71DB91E690042E9A8 /* Animenu */,
				2E0D43CC1DB91E690042E9A8 /* AnimenuUITests */,
				2E0D43B61DB91E690042E9A8 /* Products */,
			);
			sourceTree = "<group>";
		};
		2E0D43B61DB91E690042E9A8 /* Products */ = {
			isa = PBXGroup;
			children = (
				2E0D43B51DB91E690042E9A8 /* Animenu.app */,
				2E0D43C91DB91E690042E9A8 /* AnimenuUITests.xctest */,
			);
			name = Products;
			sourceTree = "<group>";
		};
		2E0D43B71DB91E690042E9A8 /* Animenu */ = {
			isa = PBXGroup;
			children = (
				2E0D43B81DB91E690042E9A8 /* AppDelegate.swift */,
				2E0D43BA1DB91E690042E9A8 /* ViewController.swift */,
				2E0D43BC1DB91E690042E9A8 /* Main.storyboard */,
				2E0D43BF1DB91E690042E9A8 /* Assets.xcassets */,
				2E0D43C11DB91E690042E9A8 /* LaunchScreen.storyboard */,
				2E0D43C41DB91E690042E9A8 /* Info.plist */,
			);
			path = Animenu;
			sourceTree = "<group>";
		};
		2E0D43CC1DB91E690042E9A8 /* AnimenuUITests */ = {
			isa = PBXGroup;
			children = (
				2E0D43CD1DB91E690042E9A8 /* AnimenuUITests.swift */,
				2E0D43CF1DB91E690042E9A8 /* Info.plist */,
			);
			path = AnimenuUITests;
			sourceTree = "<group>";
		};
/* End PBXGroup section */

/* Begin PBXNativeTarget section */
		2E0D43B41DB91E690042E9A8 /* Animenu */ = {
			isa = PBXNativeTarget;
			buildConfigurationList = 2E0D43D21DB91E690042E9A8 /* Build configuration list for PBXNativeTarget "Animenu" */;
			buildPhases = (
				2E0D43B11DB91E690042E9A8 /* Sources */,
				2E0D43B21DB91E690042E9A8 /* Frameworks */,
				2E0D43B31DB91E690042E9A8 /* Resources */,
			);
			buildRules = (
			);
			dependencies = (
			);
			name = Animenu;
			productName = Animenu;
			productReference = 2E0D43B51DB91E690042E9A8 /* Animenu.app */;
			productType = "com.apple.product-type.application";
		};
		2E0D43C81DB91E690042E9A8 /* AnimenuUITests */ = {
			isa = PBXNativeTarget;
			buildConfigurationList = 2E0D43D51DB91E690042E9A8 /* Build configuration list for PBXNativeTarget "AnimenuUITests" */;
			buildPhases = (
				2E0D43C51DB91E690042E9A8 /* Sources */,
				2E0D43C61DB91E690042E9A8 /* Frameworks */,
				2E0D43C71DB91E690042E9A8 /* Resources */,
			);
			buildRules = (
			);
			dependencies = (
				2E0D43CB1DB91E690042E9A8 /* PBXTargetDependency */,
			);
			name = AnimenuUITests;
			productName = AnimenuUITests;
			productReference = 2E0D43C91DB91E690042E9A8 /* AnimenuUITests.xctest */;
			productType = "com.apple.product-type.bundle.ui-testing";
		};
/* End PBXNativeTarget section */

/* Begin PBXProject section */
		2E0D43AD1DB91E690042E9A8 /* Project object */ = {
			isa = PBXProject;
			attributes = {
				LastSwiftUpdateCheck = 0800;
				LastUpgradeCheck = 0800;
				ORGANIZATIONNAME = "John Walker";
				TargetAttributes = {
					2E0D43B41DB91E690042E9A8 = {
						CreatedOnToolsVersion = 8.0;
						DevelopmentTeam = WWT838B7V3;
						ProvisioningStyle = Automatic;
					};
					2E0D43C81DB91E690042E9A8 = {
						CreatedOnToolsVersion = 8.0;
						DevelopmentTeam = WWT838B7V3;
						ProvisioningStyle = Automatic;
						TestTargetID = 2E0D43B41DB91E690042E9A8;
					};
				};
			};
			buildConfigurationList = 2E0D43B01DB91E690042E9A8 /* Build configuration list for PBXProject "Animenu" */;
			compatibilityVersion = "Xcode 3.2";
			developmentRegion = English;
			hasScannedForEncodings = 0;
			knownRegions = (
				en,
				Base,
			);
			mainGroup = 2E0D43AC1DB91E690042E9A8;
			productRefGroup = 2E0D43B61DB91E690042E9A8 /* Products */;
			projectDirPath = "";
			projectRoot = "";
			targets = (
				2E0D43B41DB91E690042E9A8 /* Animenu */,
				2E0D43C81DB91E690042E9A8 /* AnimenuUITests */,
			);
		};
/* End PBXProject section */

/* Begin PBXResourcesBuildPhase section */
		2E0D43B31DB91E690042E9A8 /* Resources */ = {
			isa = PBXResourcesBuildPhase;
			buildActionMask = 2147483647;
			files = (
				2E0D43C31DB91E690042E9A8 /* LaunchScreen.storyboard in Resources */,
				2E0D43C01DB91E690042E9A8 /* Assets.xcassets in Resources */,
				2E0D43BE1DB91E690042E9A8 /* Main.storyboard in Resources */,
			);
			runOnlyForDeploymentPostprocessing = 0;
		};
		2E0D43C71DB91E690042E9A8 /* Resources */ = {
			isa = PBXResourcesBuildPhase;
			buildActionMask = 2147483647;
			files = (
			);
			runOnlyForDeploymentPostprocessing = 0;
		};
/* End PBXResourcesBuildPhase section */

/* Begin PBXSourcesBuildPhase section */
		2E0D43B11DB91E690042E9A8 /* Sources */ = {
			isa = PBXSourcesBuildPhase;
			buildActionMask = 2147483647;
			files = (
				2E0D43BB1DB91E690042E9A8 /* ViewController.swift in Sources */,
				2E0D43B91DB91E690042E9A8 /* AppDelegate.swift in Sources */,
			);
			runOnlyForDeploymentPostprocessing = 0;
		};
		2E0D43C51DB91E690042E9A8 /* Sources */ = {
			isa = PBXSourcesBuildPhase;
			buildActionMask = 2147483647;
			files = (
				2E0D43CE1DB91E690042E9A8 /* AnimenuUITests.swift in Sources */,
			);
			runOnlyForDeploymentPostprocessing = 0;
		};
/* End PBXSourcesBuildPhase section */

/* Begin PBXTargetDependency section */
		2E0D43CB1DB91E690042E9A8 /* PBXTargetDependency */ = {
			isa = PBXTargetDependency;
			target = 2E0D43B41DB91E690042E9A8 /* Animenu */;
			targetProxy = 2E0D43CA1DB91E690042E9A8 /* PBXContainerItemProxy */;
		};
/* End PBXTargetDependency section */

/* Begin PBXVariantGroup section */
		2E0D43BC1DB91E690042E9A8 /* Main.storyboard */ = {
			isa = PBXVariantGroup;
			children = (
				2E0D43BD1DB91E690042E9A8 /* Base */,
			);
			name = Main.storyboard;
			sourceTree = "<group>";
		};
		2E0D43C11DB91E690042E9A8 /* LaunchScreen.storyboard */ = {
			isa = PBXVariantGroup;
			children = (
				2E0D43C21DB91E690042E9A8 /* Base */,
			);
			name = LaunchScreen.storyboard;
			sourceTree = "<group>";
		};
/* End PBXVariantGroup section */

/* Begin XCBuildConfiguration section */
		2E0D43D01DB91E690042E9A8 /* Debug */ = {
			isa = XCBuildConfiguration;
			buildSettings = {
				ALWAYS_SEARCH_USER_PATHS = NO;
				CLANG_ANALYZER_NONNULL = YES;
				CLANG_CXX_LANGUAGE_STANDARD = "gnu++0x";
				CLANG_CXX_LIBRARY = "libc++";
				CLANG_ENABLE_MODULES = YES;
				CLANG_ENABLE_OBJC_ARC = YES;
				CLANG_WARN_BOOL_CONVERSION = YES;
				CLANG_WARN_CONSTANT_CONVERSION = YES;
				CLANG_WARN_DIRECT_OBJC_ISA_USAGE = YES_ERROR;
				CLANG_WARN_DOCUMENTATION_COMMENTS = YES;
				CLANG_WARN_EMPTY_BODY = YES;
				CLANG_WARN_ENUM_CONVERSION = YES;
				CLANG_WARN_INFINITE_RECURSION = YES;
				CLANG_WARN_INT_CONVERSION = YES;
				CLANG_WARN_OBJC_ROOT_CLASS = YES_ERROR;
				CLANG_WARN_SUSPICIOUS_MOVES = YES;
				CLANG_WARN_UNREACHABLE_CODE = YES;
				CLANG_WARN__DUPLICATE_METHOD_MATCH = YES;
				"CODE_SIGN_IDENTITY[sdk=iphoneos*]" = "iPhone Developer";
				COPY_PHASE_STRIP = NO;
				DEBUG_INFORMATION_FORMAT = dwarf;
				ENABLE_STRICT_OBJC_MSGSEND = YES;
				ENABLE_TESTABILITY = YES;
				GCC_C_LANGUAGE_STANDARD = gnu99;
				GCC_DYNAMIC_NO_PIC = NO;
				GCC_NO_COMMON_BLOCKS = YES;
				GCC_OPTIMIZATION_LEVEL = 0;
				GCC_PREPROCESSOR_DEFINITIONS = (
					"DEBUG=1",
					"$(inherited)",
				);
				GCC_WARN_64_TO_32_BIT_CONVERSION = YES;
				GCC_WARN_ABOUT_RETURN_TYPE = YES_ERROR;
				GCC_WARN_UNDECLARED_SELECTOR = YES;
				GCC_WARN_UNINITIALIZED_AUTOS = YES_AGGRESSIVE;
				GCC_WARN_UNUSED_FUNCTION = YES;
				GCC_WARN_UNUSED_VARIABLE = YES;
				IPHONEOS_DEPLOYMENT_TARGET = 10.0;
				MTL_ENABLE_DEBUG_INFO = YES;
				ONLY_ACTIVE_ARCH = YES;
				SDKROOT = iphoneos;
				SWIFT_ACTIVE_COMPILATION_CONDITIONS = DEBUG;
				SWIFT_OPTIMIZATION_LEVEL = "-Onone";
				TARGETED_DEVICE_FAMILY = "1,2";
			};
			name = Debug;
		};
		2E0D43D11DB91E690042E9A8 /* Release */ = {
			isa = XCBuildConfiguration;
			buildSettings = {
				ALWAYS_SEARCH_USER_PATHS = NO;
				CLANG_ANALYZER_NONNULL = YES;
				CLANG_CXX_LANGUAGE_STANDARD = "gnu++0x";
				CLANG_CXX_LIBRARY = "libc++";
				CLANG_ENABLE_MODULES = YES;
				CLANG_ENABLE_OBJC_ARC = YES;
				CLANG_WARN_BOOL_CONVERSION = YES;
				CLANG_WARN_CONSTANT_CONVERSION = YES;
				CLANG_WARN_DIRECT_OBJC_ISA_USAGE = YES_ERROR;
				CLANG_WARN_DOCUMENTATION_COMMENTS = YES;
				CLANG_WARN_EMPTY_BODY = YES;
				CLANG_WARN_ENUM_CONVERSION = YES;
				CLANG_WARN_INFINITE_RECURSION = YES;
				CLANG_WARN_INT_CONVERSION = YES;
				CLANG_WARN_OBJC_ROOT_CLASS = YES_ERROR;
				CLANG_WARN_SUSPICIOUS_MOVES = YES;
				CLANG_WARN_UNREACHABLE_CODE = YES;
				CLANG_WARN__DUPLICATE_METHOD_MATCH = YES;
				"CODE_SIGN_IDENTITY[sdk=iphoneos*]" = "iPhone Developer";
				COPY_PHASE_STRIP = NO;
				DEBUG_INFORMATION_FORMAT = "dwarf-with-dsym";
				ENABLE_NS_ASSERTIONS = NO;
				ENABLE_STRICT_OBJC_MSGSEND = YES;
				GCC_C_LANGUAGE_STANDARD = gnu99;
				GCC_NO_COMMON_BLOCKS = YES;
				GCC_WARN_64_TO_32_BIT_CONVERSION = YES;
				GCC_WARN_ABOUT_RETURN_TYPE = YES_ERROR;
				GCC_WARN_UNDECLARED_SELECTOR = YES;
				GCC_WARN_UNINITIALIZED_AUTOS = YES_AGGRESSIVE;
				GCC_WARN_UNUSED_FUNCTION = YES;
				GCC_WARN_UNUSED_VARIABLE = YES;
				IPHONEOS_DEPLOYMENT_TARGET = 10.0;
				MTL_ENABLE_DEBUG_INFO = NO;
				SDKROOT = iphoneos;
				SWIFT_OPTIMIZATION_LEVEL = "-Owholemodule";
				TARGETED_DEVICE_FAMILY = "1,2";
				VALIDATE_PRODUCT = YES;
			};
			name = Release;
		};
		2E0D43D31DB91E690042E9A8 /* Debug */ = {
			isa = XCBuildConfiguration;
			buildSettings = {
				ASSETCATALOG_COMPILER_APPICON_NAME = AppIcon;
				DEVELOPMENT_TEAM = WWT838B7V3;
				INFOPLIST_FILE = Animenu/Info.plist;
				LD_RUNPATH_SEARCH_PATHS = "$(inherited) @executable_path/Frameworks";
				PRODUCT_BUNDLE_IDENTIFIER = com.cereopsis.Animenu;
				PRODUCT_NAME = "$(TARGET_NAME)";
				SWIFT_VERSION = 3.0;
			};
			name = Debug;
		};
		2E0D43D41DB91E690042E9A8 /* Release */ = {
			isa = XCBuildConfiguration;
			buildSettings = {
				ASSETCATALOG_COMPILER_APPICON_NAME = AppIcon;
				DEVELOPMENT_TEAM = WWT838B7V3;
				INFOPLIST_FILE = Animenu/Info.plist;
				LD_RUNPATH_SEARCH_PATHS = "$(inherited) @executable_path/Frameworks";
				PRODUCT_BUNDLE_IDENTIFIER = com.cereopsis.Animenu;
				PRODUCT_NAME = "$(TARGET_NAME)";
				SWIFT_VERSION = 3.0;
			};
			name = Release;
		};
		2E0D43D61DB91E690042E9A8 /* Debug */ = {
			isa = XCBuildConfiguration;
			buildSettings = {
				ALWAYS_EMBED_SWIFT_STANDARD_LIBRARIES = YES;
				DEVELOPMENT_TEAM = WWT838B7V3;
				INFOPLIST_FILE = AnimenuUITests/Info.plist;
				LD_RUNPATH_SEARCH_PATHS = "$(inherited) @executable_path/Frameworks @loader_path/Frameworks";
				PRODUCT_BUNDLE_IDENTIFIER = com.cereopsis.AnimenuUITests;
				PRODUCT_NAME = "$(TARGET_NAME)";
				SWIFT_VERSION = 3.0;
				TEST_TARGET_NAME = Animenu;
			};
			name = Debug;
		};
		2E0D43D71DB91E690042E9A8 /* Release */ = {
			isa = XCBuildConfiguration;
			buildSettings = {
				ALWAYS_EMBED_SWIFT_STANDARD_LIBRARIES = YES;
				DEVELOPMENT_TEAM = WWT838B7V3;
				INFOPLIST_FILE = AnimenuUITests/Info.plist;
				LD_RUNPATH_SEARCH_PATHS = "$(inherited) @executable_path/Frameworks @loader_path/Frameworks";
				PRODUCT_BUNDLE_IDENTIFIER = com.cereopsis.AnimenuUITests;
				PRODUCT_NAME = "$(TARGET_NAME)";
				SWIFT_VERSION = 3.0;
				TEST_TARGET_NAME = Animenu;
			};
			name = Release;
		};
/* End XCBuildConfiguration section */

/* Begin XCConfigurationList section */
		2E0D43B01DB91E690042E9A8 /* Build configuration list for PBXProject "Animenu" */ = {
			isa = XCConfigurationList;
			buildConfigurations = (
				2E0D43D01DB91E690042E9A8 /* Debug */,
				2E0D43D11DB91E690042E9A8 /* Release */,
			);
			defaultConfigurationIsVisible = 0;
			defaultConfigurationName = Release;
		};
		2E0D43D21DB91E690042E9A8 /* Build configuration list for PBXNativeTarget "Animenu" */ = {
			isa = XCConfigurationList;
			buildConfigurations = (
				2E0D43D31DB91E690042E9A8 /* Debug */,
				2E0D43D41DB91E690042E9A8 /* Release */,
			);
			defaultConfigurationIsVisible = 0;
		};
		2E0D43D51DB91E690042E9A8 /* Build configuration list for PBXNativeTarget "AnimenuUITests" */ = {
			isa = XCConfigurationList;
			buildConfigurations = (
				2E0D43D61DB91E690042E9A8 /* Debug */,
				2E0D43D71DB91E690042E9A8 /* Release */,
			);
			defaultConfigurationIsVisible = 0;
		};
/* End XCConfigurationList section */
	};
	rootObject = 2E0D43AD1DB91E690042E9A8 /* Project object */;
}
